
Microsoft Visual Studio Solution File, Format Version 12.00
# Visual Studio 2012
Project("{FAE04EC0-301F-11D3-BF4B-00C04F79EFBC}") = "Barista.Core", "Barista.Core\Barista.Core.csproj", "{0CBC23EF-F5A0-4DDC-8C83-3B7FBB47E598}"
EndProject
Project("{FAE04EC0-301F-11D3-BF4B-00C04F79EFBC}") = "Barista.SharePoint", "Barista.SharePoint\Barista.SharePoint.csproj", "{77BC7214-5D7D-472C-88C5-7D022D93C231}"
EndProject
Project("{2150E333-8FDC-42A3-9474-1A3956D46DE8}") = ".nuget", ".nuget", "{5A961B80-5532-4AC2-873F-DC1F29BAC26C}"
	ProjectSection(SolutionItems) = preProject
		.nuget\NuGet.Config = .nuget\NuGet.Config
		.nuget\NuGet.exe = .nuget\NuGet.exe
		.nuget\NuGet.targets = .nuget\NuGet.targets
	EndProjectSection
EndProject
Project("{2150E333-8FDC-42A3-9474-1A3956D46DE8}") = "Solution Items", "Solution Items", "{A745E621-0AC3-4826-896F-DD46BEE2CA0B}"
	ProjectSection(SolutionItems) = preProject
		acknowledgments.txt = acknowledgments.txt
		Barista.sln.DotSettings = Barista.sln.DotSettings
		license.txt = license.txt
		Performance1.psess = Performance1.psess
		Performance2.psess = Performance2.psess
	EndProjectSection
EndProject
Project("{2150E333-8FDC-42A3-9474-1A3956D46DE8}") = "Deployment", "Deployment", "{D0D109F0-F49F-43A4-AAE2-EB239EFAEB84}"
	ProjectSection(SolutionItems) = preProject
		Deployment\README.docx = Deployment\README.docx
		Deployment\Solutions-Dev.xml = Deployment\Solutions-Dev.xml
		Deployment\Solutions-LocalDev-Debug.xml = Deployment\Solutions-LocalDev-Debug.xml
		Deployment\Solutions-Prod.xml = Deployment\Solutions-Prod.xml
		Deployment\Solutions-Stage.xml = Deployment\Solutions-Stage.xml
	EndProjectSection
EndProject
Project("{2150E333-8FDC-42A3-9474-1A3956D46DE8}") = "Libs", "Libs", "{47FDFAD3-D414-49D6-900A-8F7C0912C655}"
	ProjectSection(SolutionItems) = preProject
		Lib\Barista.Interop.ActiveDs.dll = Lib\Barista.Interop.ActiveDs.dll
		Lib\Microsoft.TeamFoundation.Client.dll = Lib\Microsoft.TeamFoundation.Client.dll
		Lib\Microsoft.TeamFoundation.Common.dll = Lib\Microsoft.TeamFoundation.Common.dll
		Lib\Microsoft.TeamFoundation.VersionControl.Client.dll = Lib\Microsoft.TeamFoundation.VersionControl.Client.dll
		Lib\Microsoft.TeamFoundation.WorkItemTracking.Client.dll = Lib\Microsoft.TeamFoundation.WorkItemTracking.Client.dll
		Lib\Microsoft.TeamFoundation.WorkItemTracking.Client.xml = Lib\Microsoft.TeamFoundation.WorkItemTracking.Client.xml
		Lib\RestSharp.dll = Lib\RestSharp.dll
		Lib\RestSharp.pdb = Lib\RestSharp.pdb
		Lib\RestSharp.xml = Lib\RestSharp.xml
		Lib\wnvhtmlconvert.dll = Lib\wnvhtmlconvert.dll
		Lib\wnvhtmlconvert.xml = Lib\wnvhtmlconvert.xml
	EndProjectSection
EndProject
Project("{FAE04EC0-301F-11D3-BF4B-00C04F79EFBC}") = "Barista.SharePoint.WebParts", "Barista.SharePoint.WebParts\Barista.SharePoint.WebParts.csproj", "{BEDCAD5A-3A7B-4CA7-B97B-CEA3212F3149}"
EndProject
Project("{2150E333-8FDC-42A3-9474-1A3956D46DE8}") = "Tools", "Tools", "{0384B6AA-AF6D-45DC-A583-C87DF988372A}"
	ProjectSection(SolutionItems) = preProject
		Tools\Costura.targets = Tools\Costura.targets
	EndProjectSection
EndProject
Project("{2150E333-8FDC-42A3-9474-1A3956D46DE8}") = "Fody", "Fody", "{C74F12B1-76DF-4797-91D2-7441959949C7}"
	ProjectSection(SolutionItems) = preProject
		Tools\Fody\Fody.dll = Tools\Fody\Fody.dll
		Tools\Fody\Fody.pdb = Tools\Fody\Fody.pdb
		Tools\Fody\Fody.targets = Tools\Fody\Fody.targets
		Tools\Fody\FodyCommon.dll = Tools\Fody\FodyCommon.dll
		Tools\Fody\FodyCommon.pdb = Tools\Fody\FodyCommon.pdb
		Tools\Fody\FodyIsolated.dll = Tools\Fody\FodyIsolated.dll
		Tools\Fody\FodyIsolated.pdb = Tools\Fody\FodyIsolated.pdb
		Tools\Fody\Mono.Cecil.dll = Tools\Fody\Mono.Cecil.dll
		Tools\Fody\Mono.Cecil.Mdb.dll = Tools\Fody\Mono.Cecil.Mdb.dll
		Tools\Fody\Mono.Cecil.Pdb.dll = Tools\Fody\Mono.Cecil.Pdb.dll
		Tools\Fody\Mono.Cecil.Rocks.dll = Tools\Fody\Mono.Cecil.Rocks.dll
	EndProjectSection
EndProject
Project("{2150E333-8FDC-42A3-9474-1A3956D46DE8}") = "Unit Tests", "Unit Tests", "{F44F6017-BEDA-4A21-9A79-59BC8F15FEC0}"
EndProject
Project("{FAE04EC0-301F-11D3-BF4B-00C04F79EFBC}") = "Barista.UnitTests.Jurassic", "Barista.UnitTests.Jurassic\Barista.UnitTests.Jurassic.csproj", "{DA5FEB5C-9035-46A4-BDE1-6948F8DF1F60}"
EndProject
Project("{FAE04EC0-301F-11D3-BF4B-00C04F79EFBC}") = "Barista.SharePoint.Core", "Barista.SharePoint.Core\Barista.SharePoint.Core.csproj", "{17B92DC5-9402-44DF-B03C-4687E99FEF61}"
EndProject
Project("{2150E333-8FDC-42A3-9474-1A3956D46DE8}") = "Server", "Server", "{BC15B32B-BEA4-495E-B9BE-F085F7BA081C}"
EndProject
Project("{FAE04EC0-301F-11D3-BF4B-00C04F79EFBC}") = "Barista.Server", "Server\Barista.Server\Barista.Server.csproj", "{21C96F8A-5665-4EEC-8691-ADC1B08EB269}"
EndProject
Project("{2150E333-8FDC-42A3-9474-1A3956D46DE8}") = "Web", "Web", "{7DB948B6-8410-4DB1-8C29-0310F6D2047F}"
EndProject
Project("{FAE04EC0-301F-11D3-BF4B-00C04F79EFBC}") = "Barista.SharePoint.WebSocketsService", "Barista.SharePoint.WebSocketsService\Barista.SharePoint.WebSocketsService.csproj", "{C1F76C47-B2D0-42AB-86E8-5D03A5FB38DC}"
EndProject
Project("{FAE04EC0-301F-11D3-BF4B-00C04F79EFBC}") = "Barista.SharePoint.SearchService", "Barista.SharePoint.SearchService\Barista.SharePoint.SearchService.csproj", "{B4165BA6-6A20-45F8-96DC-61F5DE7B6CD7}"
EndProject
Project("{2150E333-8FDC-42A3-9474-1A3956D46DE8}") = "SharePoint", "SharePoint", "{C2439767-5A7B-4D56-93B6-A5FBA91FECB0}"
EndProject
Project("{2150E333-8FDC-42A3-9474-1A3956D46DE8}") = "Scripts", "Scripts", "{E2F2E77D-5F2F-4B96-88C0-A42845185B92}"
	ProjectSection(SolutionItems) = preProject
		Scripts\Deploy-PostSolutionDeployment.ps1 = Scripts\Deploy-PostSolutionDeployment.ps1
		Scripts\Deploy-SPSolutions.ps1 = Scripts\Deploy-SPSolutions.ps1
		Scripts\Deploy.bat = Scripts\Deploy.bat
		Scripts\Deploy.ps1 = Scripts\Deploy.ps1
		Scripts\SetupBaristaSearchService.ps1 = Scripts\SetupBaristaSearchService.ps1
		Scripts\SetupBaristaServiceApplication.ps1 = Scripts\SetupBaristaServiceApplication.ps1
		Scripts\SetupBaristaServiceApplicationProxy.ps1 = Scripts\SetupBaristaServiceApplicationProxy.ps1
		Scripts\spServiceCleanup.ps1 = Scripts\spServiceCleanup.ps1
		Scripts\TestBaristaServiceApplication.ps1 = Scripts\TestBaristaServiceApplication.ps1
		Scripts\UninstallBaristaSearchService.ps1 = Scripts\UninstallBaristaSearchService.ps1
		Scripts\UninstallBaristaServiceApplication.ps1 = Scripts\UninstallBaristaServiceApplication.ps1
		Scripts\VSDeploy-PostSolutionDeployment.ps1 = Scripts\VSDeploy-PostSolutionDeployment.ps1
		Scripts\VSDeploy-PreSolutionDeployment.ps1 = Scripts\VSDeploy-PreSolutionDeployment.ps1
		Scripts\WarmUpSharePointSites.ps1 = Scripts\WarmUpSharePointSites.ps1
	EndProjectSection
EndProject
Project("{2150E333-8FDC-42A3-9474-1A3956D46DE8}") = "Framework", "Framework", "{63D2DF36-8C74-4FB1-B8C4-BE2F72345ADE}"
EndProject
Project("{FAE04EC0-301F-11D3-BF4B-00C04F79EFBC}") = "Barista.Web", "Barista.Web\Barista.Web.csproj", "{83078881-2C80-47E3-9BED-A87FB429F347}"
EndProject
Project("{FAE04EC0-301F-11D3-BF4B-00C04F79EFBC}") = "BaristaWebHost", "BaristaWebHost\BaristaWebHost.csproj", "{DEB438E2-AA9C-4648-89BC-17D76CF0D6FA}"
EndProject
Project("{FAE04EC0-301F-11D3-BF4B-00C04F79EFBC}") = "Barista.DocumentStore.FileSystem", "Barista.DocumentStore.FileSystem\Barista.DocumentStore.FileSystem.csproj", "{27F98766-B157-46E3-9EA2-98D9E3E1FDC0}"
EndProject
Project("{FAE04EC0-301F-11D3-BF4B-00C04F79EFBC}") = "Barista.DocumentStore.Raven", "Barista.DocumentStore.Raven\Barista.DocumentStore.Raven.csproj", "{E4FE692A-8F43-43CD-86DF-00BB3DB0C56A}"
EndProject
Project("{FAE04EC0-301F-11D3-BF4B-00C04F79EFBC}") = "Barista.Social", "Barista.Social\Barista.Social.csproj", "{1CF79B59-CDD6-4920-8EDB-4EF36E332EE0}"
EndProject
Project("{FAE04EC0-301F-11D3-BF4B-00C04F79EFBC}") = "Barista.Raven", "Barista.Raven\Barista.Raven.csproj", "{FB0D0FB7-E81F-4E2F-B662-C3AD92AC65D8}"
EndProject
Project("{FAE04EC0-301F-11D3-BF4B-00C04F79EFBC}") = "Barista.Automation", "Barista.Automation\Barista.Automation.csproj", "{962E4C28-198F-4E99-A8C0-4A8C1C61D0B4}"
EndProject
Project("{FAE04EC0-301F-11D3-BF4B-00C04F79EFBC}") = "Barista.Web.Mvc", "Barista.Web.Mvc\Barista.Web.Mvc.csproj", "{465F6D30-4322-495B-97D1-EFD80E0C5F22}"
EndProject
Project("{2150E333-8FDC-42A3-9474-1A3956D46DE8}") = "Client", "Client", "{615E6A1D-60F6-4320-8CE8-A38EFBB5B584}"
EndProject
Project("{FAE04EC0-301F-11D3-BF4B-00C04F79EFBC}") = "BaristaAutomationClient", "BaristaAutomationClient\BaristaAutomationClient.csproj", "{4A18440E-D225-4FB4-B781-950598372798}"
EndProject
Project("{FAE04EC0-301F-11D3-BF4B-00C04F79EFBC}") = "Barista.SharePoint.SchedulerService", "Barista.SharePoint.SchedulerService\Barista.SharePoint.SchedulerService.csproj", "{76859B84-236A-4E5D-B47B-4F94118C342D}"
EndProject
Project("{FAE04EC0-301F-11D3-BF4B-00C04F79EFBC}") = "Barista.UnitTests.CamlexNET", "Barista.UnitTests.CamlexNET\Barista.UnitTests.CamlexNET.csproj", "{298ACD3C-082D-406B-B4BB-8B8CAD5B18A6}"
EndProject
Global
	GlobalSection(TeamFoundationVersionControl) = preSolution
		SccNumberOfProjects = 20
		SccEnterpriseProvider = {4CA58AB2-18FA-4F8D-95D4-32DDF27D184C}
		SccTeamFoundationServer = https://sixconcepts.visualstudio.com/defaultcollection
		SccLocalPath0 = .
		SccProjectUniqueName1 = Barista.Core\\Barista.Core.csproj
		SccProjectTopLevelParentUniqueName1 = Barista.sln
		SccProjectName1 = Barista.Core
		SccLocalPath1 = Barista.Core
		SccProjectUniqueName2 = Barista.SharePoint.WebParts\\Barista.SharePoint.WebParts.csproj
		SccProjectTopLevelParentUniqueName2 = Barista.sln
		SccProjectName2 = Barista.SharePoint.WebParts
		SccLocalPath2 = Barista.SharePoint.WebParts
		SccProjectUniqueName3 = Barista.SharePoint\\Barista.SharePoint.csproj
		SccProjectTopLevelParentUniqueName3 = Barista.sln
		SccProjectName3 = Barista.SharePoint
		SccLocalPath3 = Barista.SharePoint
		SccProjectUniqueName4 = Barista.UnitTests.Jurassic\\Barista.UnitTests.Jurassic.csproj
		SccProjectTopLevelParentUniqueName4 = Barista.sln
		SccProjectName4 = Barista.UnitTests.Jurassic
		SccLocalPath4 = Barista.UnitTests.Jurassic
		SccProjectUniqueName5 = Barista.SharePoint.Core\\Barista.SharePoint.Core.csproj
		SccProjectTopLevelParentUniqueName5 = Barista.sln
		SccProjectName5 = Barista.SharePoint.Core
		SccLocalPath5 = Barista.SharePoint.Core
		SccProjectUniqueName6 = Server\\Barista.Server\\Barista.Server.csproj
		SccProjectTopLevelParentUniqueName6 = Barista.sln
		SccProjectName6 = Server/Barista.Server
		SccLocalPath6 = Server\\Barista.Server
		SccProjectUniqueName7 = Barista.SharePoint.WebSocketsService\\Barista.SharePoint.WebSocketsService.csproj
		SccProjectTopLevelParentUniqueName7 = Barista.sln
		SccProjectName7 = Barista.SharePoint.WebSocketsService
		SccLocalPath7 = Barista.SharePoint.WebSocketsService
		SccProjectUniqueName8 = Barista.SharePoint.SearchService\\Barista.SharePoint.SearchService.csproj
		SccProjectTopLevelParentUniqueName8 = Barista.sln
		SccProjectName8 = Barista.SharePoint.SearchService
		SccLocalPath8 = Barista.SharePoint.SearchService
		SccProjectUniqueName9 = Barista.Web\\Barista.Web.csproj
		SccProjectTopLevelParentUniqueName9 = Barista.sln
		SccProjectName9 = Barista.Web
		SccLocalPath9 = Barista.Web
		SccProjectUniqueName10 = BaristaWebHost\\BaristaWebHost.csproj
		SccProjectTopLevelParentUniqueName10 = Barista.sln
		SccProjectName10 = BaristaWebHost
		SccLocalPath10 = BaristaWebHost
		SccProjectUniqueName11 = Barista.DocumentStore.FileSystem\\Barista.DocumentStore.FileSystem.csproj
		SccProjectTopLevelParentUniqueName11 = Barista.sln
		SccProjectName11 = Barista.DocumentStore.FileSystem
		SccLocalPath11 = Barista.DocumentStore.FileSystem
		SccProjectUniqueName12 = Barista.DocumentStore.Raven\\Barista.DocumentStore.Raven.csproj
		SccProjectTopLevelParentUniqueName12 = Barista.sln
		SccProjectName12 = Barista.DocumentStore.Raven
		SccLocalPath12 = Barista.DocumentStore.Raven
		SccProjectUniqueName13 = Barista.Social\\Barista.Social.csproj
		SccProjectTopLevelParentUniqueName13 = Barista.sln
		SccProjectName13 = Barista.Social
		SccLocalPath13 = Barista.Social
		SccProjectUniqueName14 = Barista.Raven\\Barista.Raven.csproj
		SccProjectTopLevelParentUniqueName14 = Barista.sln
		SccProjectName14 = Barista.Raven
		SccLocalPath14 = Barista.Raven
		SccProjectUniqueName15 = Barista.Automation\\Barista.Automation.csproj
		SccProjectTopLevelParentUniqueName15 = Barista.sln
		SccProjectName15 = Barista.Automation
		SccLocalPath15 = Barista.Automation
		SccProjectUniqueName16 = Barista.Web.Mvc\\Barista.Web.Mvc.csproj
		SccProjectTopLevelParentUniqueName16 = Barista.sln
		SccProjectName16 = Barista.Web.Mvc
		SccLocalPath16 = Barista.Web.Mvc
		SccProjectUniqueName17 = BaristaAutomationClient\\BaristaAutomationClient.csproj
		SccProjectTopLevelParentUniqueName17 = Barista.sln
		SccProjectName17 = BaristaAutomationClient
		SccLocalPath17 = BaristaAutomationClient
		SccProjectUniqueName18 = Barista.SharePoint.SchedulerService\\Barista.SharePoint.SchedulerService.csproj
		SccProjectTopLevelParentUniqueName18 = Barista.sln
		SccProjectName18 = Barista.SharePoint.SchedulerService
		SccLocalPath18 = Barista.SharePoint.SchedulerService
		SccProjectUniqueName19 = Barista.UnitTests.CamlexNET\\Barista.UnitTests.CamlexNET.csproj
		SccProjectTopLevelParentUniqueName19 = Barista.sln
		SccProjectName19 = Barista.UnitTests.CamlexNET
		SccLocalPath19 = Barista.UnitTests.CamlexNET
	EndGlobalSection
	GlobalSection(SolutionConfigurationPlatforms) = preSolution
		Debug|Any CPU = Debug|Any CPU
		Release|Any CPU = Release|Any CPU
	EndGlobalSection
	GlobalSection(ProjectConfigurationPlatforms) = postSolution
		{0CBC23EF-F5A0-4DDC-8C83-3B7FBB47E598}.Debug|Any CPU.ActiveCfg = Debug|Any CPU
		{0CBC23EF-F5A0-4DDC-8C83-3B7FBB47E598}.Debug|Any CPU.Build.0 = Debug|Any CPU
		{0CBC23EF-F5A0-4DDC-8C83-3B7FBB47E598}.Release|Any CPU.ActiveCfg = Release|Any CPU
		{0CBC23EF-F5A0-4DDC-8C83-3B7FBB47E598}.Release|Any CPU.Build.0 = Release|Any CPU
		{77BC7214-5D7D-472C-88C5-7D022D93C231}.Debug|Any CPU.ActiveCfg = Debug|Any CPU
		{77BC7214-5D7D-472C-88C5-7D022D93C231}.Debug|Any CPU.Build.0 = Debug|Any CPU
		{77BC7214-5D7D-472C-88C5-7D022D93C231}.Debug|Any CPU.Deploy.0 = Debug|Any CPU
		{77BC7214-5D7D-472C-88C5-7D022D93C231}.Release|Any CPU.ActiveCfg = Release|Any CPU
		{77BC7214-5D7D-472C-88C5-7D022D93C231}.Release|Any CPU.Build.0 = Release|Any CPU
		{77BC7214-5D7D-472C-88C5-7D022D93C231}.Release|Any CPU.Deploy.0 = Release|Any CPU
		{BEDCAD5A-3A7B-4CA7-B97B-CEA3212F3149}.Debug|Any CPU.ActiveCfg = Debug|Any CPU
		{BEDCAD5A-3A7B-4CA7-B97B-CEA3212F3149}.Debug|Any CPU.Build.0 = Debug|Any CPU
		{BEDCAD5A-3A7B-4CA7-B97B-CEA3212F3149}.Debug|Any CPU.Deploy.0 = Debug|Any CPU
		{BEDCAD5A-3A7B-4CA7-B97B-CEA3212F3149}.Release|Any CPU.ActiveCfg = Release|Any CPU
		{BEDCAD5A-3A7B-4CA7-B97B-CEA3212F3149}.Release|Any CPU.Build.0 = Release|Any CPU
		{BEDCAD5A-3A7B-4CA7-B97B-CEA3212F3149}.Release|Any CPU.Deploy.0 = Release|Any CPU
		{DA5FEB5C-9035-46A4-BDE1-6948F8DF1F60}.Debug|Any CPU.ActiveCfg = Debug|Any CPU
		{DA5FEB5C-9035-46A4-BDE1-6948F8DF1F60}.Debug|Any CPU.Build.0 = Debug|Any CPU
		{DA5FEB5C-9035-46A4-BDE1-6948F8DF1F60}.Release|Any CPU.ActiveCfg = Release|Any CPU
		{DA5FEB5C-9035-46A4-BDE1-6948F8DF1F60}.Release|Any CPU.Build.0 = Release|Any CPU
		{17B92DC5-9402-44DF-B03C-4687E99FEF61}.Debug|Any CPU.ActiveCfg = Debug|Any CPU
		{17B92DC5-9402-44DF-B03C-4687E99FEF61}.Debug|Any CPU.Build.0 = Debug|Any CPU
		{17B92DC5-9402-44DF-B03C-4687E99FEF61}.Release|Any CPU.ActiveCfg = Release|Any CPU
		{17B92DC5-9402-44DF-B03C-4687E99FEF61}.Release|Any CPU.Build.0 = Release|Any CPU
		{21C96F8A-5665-4EEC-8691-ADC1B08EB269}.Debug|Any CPU.ActiveCfg = Debug|Any CPU
		{21C96F8A-5665-4EEC-8691-ADC1B08EB269}.Debug|Any CPU.Build.0 = Debug|Any CPU
		{21C96F8A-5665-4EEC-8691-ADC1B08EB269}.Release|Any CPU.ActiveCfg = Release|Any CPU
		{21C96F8A-5665-4EEC-8691-ADC1B08EB269}.Release|Any CPU.Build.0 = Release|Any CPU
		{C1F76C47-B2D0-42AB-86E8-5D03A5FB38DC}.Debug|Any CPU.ActiveCfg = Debug|Any CPU
		{C1F76C47-B2D0-42AB-86E8-5D03A5FB38DC}.Debug|Any CPU.Build.0 = Debug|Any CPU
		{C1F76C47-B2D0-42AB-86E8-5D03A5FB38DC}.Release|Any CPU.ActiveCfg = Release|Any CPU
		{C1F76C47-B2D0-42AB-86E8-5D03A5FB38DC}.Release|Any CPU.Build.0 = Release|Any CPU
		{B4165BA6-6A20-45F8-96DC-61F5DE7B6CD7}.Debug|Any CPU.ActiveCfg = Debug|Any CPU
		{B4165BA6-6A20-45F8-96DC-61F5DE7B6CD7}.Debug|Any CPU.Build.0 = Debug|Any CPU
		{B4165BA6-6A20-45F8-96DC-61F5DE7B6CD7}.Release|Any CPU.ActiveCfg = Release|Any CPU
		{B4165BA6-6A20-45F8-96DC-61F5DE7B6CD7}.Release|Any CPU.Build.0 = Release|Any CPU
		{83078881-2C80-47E3-9BED-A87FB429F347}.Debug|Any CPU.ActiveCfg = Debug|Any CPU
		{83078881-2C80-47E3-9BED-A87FB429F347}.Debug|Any CPU.Build.0 = Debug|Any CPU
		{83078881-2C80-47E3-9BED-A87FB429F347}.Release|Any CPU.ActiveCfg = Release|Any CPU
		{83078881-2C80-47E3-9BED-A87FB429F347}.Release|Any CPU.Build.0 = Release|Any CPU
		{DEB438E2-AA9C-4648-89BC-17D76CF0D6FA}.Debug|Any CPU.ActiveCfg = Debug|Any CPU
		{DEB438E2-AA9C-4648-89BC-17D76CF0D6FA}.Debug|Any CPU.Build.0 = Debug|Any CPU
		{DEB438E2-AA9C-4648-89BC-17D76CF0D6FA}.Release|Any CPU.ActiveCfg = Release|Any CPU
		{DEB438E2-AA9C-4648-89BC-17D76CF0D6FA}.Release|Any CPU.Build.0 = Release|Any CPU
		{27F98766-B157-46E3-9EA2-98D9E3E1FDC0}.Debug|Any CPU.ActiveCfg = Debug|Any CPU
		{27F98766-B157-46E3-9EA2-98D9E3E1FDC0}.Debug|Any CPU.Build.0 = Debug|Any CPU
		{27F98766-B157-46E3-9EA2-98D9E3E1FDC0}.Release|Any CPU.ActiveCfg = Release|Any CPU
		{27F98766-B157-46E3-9EA2-98D9E3E1FDC0}.Release|Any CPU.Build.0 = Release|Any CPU
		{E4FE692A-8F43-43CD-86DF-00BB3DB0C56A}.Debug|Any CPU.ActiveCfg = Debug|Any CPU
		{E4FE692A-8F43-43CD-86DF-00BB3DB0C56A}.Debug|Any CPU.Build.0 = Debug|Any CPU
		{E4FE692A-8F43-43CD-86DF-00BB3DB0C56A}.Release|Any CPU.ActiveCfg = Release|Any CPU
		{E4FE692A-8F43-43CD-86DF-00BB3DB0C56A}.Release|Any CPU.Build.0 = Release|Any CPU
		{1CF79B59-CDD6-4920-8EDB-4EF36E332EE0}.Debug|Any CPU.ActiveCfg = Debug|Any CPU
		{1CF79B59-CDD6-4920-8EDB-4EF36E332EE0}.Debug|Any CPU.Build.0 = Debug|Any CPU
		{1CF79B59-CDD6-4920-8EDB-4EF36E332EE0}.Release|Any CPU.ActiveCfg = Release|Any CPU
		{1CF79B59-CDD6-4920-8EDB-4EF36E332EE0}.Release|Any CPU.Build.0 = Release|Any CPU
		{FB0D0FB7-E81F-4E2F-B662-C3AD92AC65D8}.Debug|Any CPU.ActiveCfg = Debug|Any CPU
		{FB0D0FB7-E81F-4E2F-B662-C3AD92AC65D8}.Debug|Any CPU.Build.0 = Debug|Any CPU
		{FB0D0FB7-E81F-4E2F-B662-C3AD92AC65D8}.Release|Any CPU.ActiveCfg = Release|Any CPU
		{FB0D0FB7-E81F-4E2F-B662-C3AD92AC65D8}.Release|Any CPU.Build.0 = Release|Any CPU
		{962E4C28-198F-4E99-A8C0-4A8C1C61D0B4}.Debug|Any CPU.ActiveCfg = Debug|Any CPU
		{962E4C28-198F-4E99-A8C0-4A8C1C61D0B4}.Debug|Any CPU.Build.0 = Debug|Any CPU
		{962E4C28-198F-4E99-A8C0-4A8C1C61D0B4}.Release|Any CPU.ActiveCfg = Release|Any CPU
		{962E4C28-198F-4E99-A8C0-4A8C1C61D0B4}.Release|Any CPU.Build.0 = Release|Any CPU
		{465F6D30-4322-495B-97D1-EFD80E0C5F22}.Debug|Any CPU.ActiveCfg = Debug|Any CPU
		{465F6D30-4322-495B-97D1-EFD80E0C5F22}.Debug|Any CPU.Build.0 = Debug|Any CPU
		{465F6D30-4322-495B-97D1-EFD80E0C5F22}.Release|Any CPU.ActiveCfg = Release|Any CPU
		{465F6D30-4322-495B-97D1-EFD80E0C5F22}.Release|Any CPU.Build.0 = Release|Any CPU
		{4A18440E-D225-4FB4-B781-950598372798}.Debug|Any CPU.ActiveCfg = Debug|Any CPU
		{4A18440E-D225-4FB4-B781-950598372798}.Debug|Any CPU.Build.0 = Debug|Any CPU
		{4A18440E-D225-4FB4-B781-950598372798}.Release|Any CPU.ActiveCfg = Release|Any CPU
		{4A18440E-D225-4FB4-B781-950598372798}.Release|Any CPU.Build.0 = Release|Any CPU
		{76859B84-236A-4E5D-B47B-4F94118C342D}.Debug|Any CPU.ActiveCfg = Debug|Any CPU
		{76859B84-236A-4E5D-B47B-4F94118C342D}.Debug|Any CPU.Build.0 = Debug|Any CPU
		{76859B84-236A-4E5D-B47B-4F94118C342D}.Release|Any CPU.ActiveCfg = Release|Any CPU
		{76859B84-236A-4E5D-B47B-4F94118C342D}.Release|Any CPU.Build.0 = Release|Any CPU
		{298ACD3C-082D-406B-B4BB-8B8CAD5B18A6}.Debug|Any CPU.ActiveCfg = Debug|Any CPU
		{298ACD3C-082D-406B-B4BB-8B8CAD5B18A6}.Debug|Any CPU.Build.0 = Debug|Any CPU
		{298ACD3C-082D-406B-B4BB-8B8CAD5B18A6}.Release|Any CPU.ActiveCfg = Release|Any CPU
		{298ACD3C-082D-406B-B4BB-8B8CAD5B18A6}.Release|Any CPU.Build.0 = Release|Any CPU
	EndGlobalSection
	GlobalSection(SolutionProperties) = preSolution
		HideSolutionNode = FALSE
	EndGlobalSection
	GlobalSection(NestedProjects) = preSolution
		{0CBC23EF-F5A0-4DDC-8C83-3B7FBB47E598} = {63D2DF36-8C74-4FB1-B8C4-BE2F72345ADE}
		{83078881-2C80-47E3-9BED-A87FB429F347} = {63D2DF36-8C74-4FB1-B8C4-BE2F72345ADE}
		{27F98766-B157-46E3-9EA2-98D9E3E1FDC0} = {63D2DF36-8C74-4FB1-B8C4-BE2F72345ADE}
		{E4FE692A-8F43-43CD-86DF-00BB3DB0C56A} = {63D2DF36-8C74-4FB1-B8C4-BE2F72345ADE}
		{1CF79B59-CDD6-4920-8EDB-4EF36E332EE0} = {63D2DF36-8C74-4FB1-B8C4-BE2F72345ADE}
		{FB0D0FB7-E81F-4E2F-B662-C3AD92AC65D8} = {63D2DF36-8C74-4FB1-B8C4-BE2F72345ADE}
		{962E4C28-198F-4E99-A8C0-4A8C1C61D0B4} = {63D2DF36-8C74-4FB1-B8C4-BE2F72345ADE}
		{465F6D30-4322-495B-97D1-EFD80E0C5F22} = {63D2DF36-8C74-4FB1-B8C4-BE2F72345ADE}
		{BEDCAD5A-3A7B-4CA7-B97B-CEA3212F3149} = {C2439767-5A7B-4D56-93B6-A5FBA91FECB0}
		{17B92DC5-9402-44DF-B03C-4687E99FEF61} = {C2439767-5A7B-4D56-93B6-A5FBA91FECB0}
		{C1F76C47-B2D0-42AB-86E8-5D03A5FB38DC} = {C2439767-5A7B-4D56-93B6-A5FBA91FECB0}
		{B4165BA6-6A20-45F8-96DC-61F5DE7B6CD7} = {C2439767-5A7B-4D56-93B6-A5FBA91FECB0}
		{77BC7214-5D7D-472C-88C5-7D022D93C231} = {C2439767-5A7B-4D56-93B6-A5FBA91FECB0}
		{76859B84-236A-4E5D-B47B-4F94118C342D} = {C2439767-5A7B-4D56-93B6-A5FBA91FECB0}
		{D0D109F0-F49F-43A4-AAE2-EB239EFAEB84} = {A745E621-0AC3-4826-896F-DD46BEE2CA0B}
		{47FDFAD3-D414-49D6-900A-8F7C0912C655} = {A745E621-0AC3-4826-896F-DD46BEE2CA0B}
		{E2F2E77D-5F2F-4B96-88C0-A42845185B92} = {A745E621-0AC3-4826-896F-DD46BEE2CA0B}
		{C74F12B1-76DF-4797-91D2-7441959949C7} = {0384B6AA-AF6D-45DC-A583-C87DF988372A}
		{DA5FEB5C-9035-46A4-BDE1-6948F8DF1F60} = {F44F6017-BEDA-4A21-9A79-59BC8F15FEC0}
		{298ACD3C-082D-406B-B4BB-8B8CAD5B18A6} = {F44F6017-BEDA-4A21-9A79-59BC8F15FEC0}
		{21C96F8A-5665-4EEC-8691-ADC1B08EB269} = {BC15B32B-BEA4-495E-B9BE-F085F7BA081C}
		{DEB438E2-AA9C-4648-89BC-17D76CF0D6FA} = {7DB948B6-8410-4DB1-8C29-0310F6D2047F}
		{4A18440E-D225-4FB4-B781-950598372798} = {615E6A1D-60F6-4320-8CE8-A38EFBB5B584}
	EndGlobalSection
EndGlobal
