
Microsoft Visual Studio Solution File, Format Version 12.00
# Visual Studio 2012
Project("{FAE04EC0-301F-11D3-BF4B-00C04F79EFBC}") = "Barista.Core", "Barista.Core\Barista.Core.csproj", "{0CBC23EF-F5A0-4DDC-8C83-3B7FBB47E598}"
EndProject
Project("{FAE04EC0-301F-11D3-BF4B-00C04F79EFBC}") = "Barista.SharePoint", "Barista.SharePoint\Barista.SharePoint.csproj", "{77BC7214-5D7D-472C-88C5-7D022D93C231}"
EndProject
Project("{2150E333-8FDC-42A3-9474-1A3956D46DE8}") = ".nuget", ".nuget", "{5A961B80-5532-4AC2-873F-DC1F29BAC26C}"
	ProjectSection(SolutionItems) = preProject
		.nuget\NuGet.Config = .nuget\NuGet.Config
		.nuget\NuGet.exe = .nuget\NuGet.exe
		.nuget\NuGet.targets = .nuget\NuGet.targets
	EndProjectSection
EndProject
Project("{2150E333-8FDC-42A3-9474-1A3956D46DE8}") = "Solution Items", "Solution Items", "{A745E621-0AC3-4826-896F-DD46BEE2CA0B}"
	ProjectSection(SolutionItems) = preProject
		acknowledgments.txt = acknowledgments.txt
		Barista.sln.DotSettings = Barista.sln.DotSettings
		Deploy-PostSolutionDeployment.ps1 = Deploy-PostSolutionDeployment.ps1
		Deploy-SPSolutions.ps1 = Deploy-SPSolutions.ps1
		Deploy.bat = Deploy.bat
		Deploy.ps1 = Deploy.ps1
		license.txt = license.txt
		Performance1.psess = Performance1.psess
		SetupBaristaSearchService.ps1 = SetupBaristaSearchService.ps1
		SetupBaristaServiceApplication.ps1 = SetupBaristaServiceApplication.ps1
		SetupBaristaServiceApplicationProxy.ps1 = SetupBaristaServiceApplicationProxy.ps1
		TestBaristaServiceApplication.ps1 = TestBaristaServiceApplication.ps1
		UninstallBaristaSearchService.ps1 = UninstallBaristaSearchService.ps1
		UninstallBaristaServiceApplication.ps1 = UninstallBaristaServiceApplication.ps1
	EndProjectSection
EndProject
Project("{2150E333-8FDC-42A3-9474-1A3956D46DE8}") = "Deployment", "Deployment", "{D0D109F0-F49F-43A4-AAE2-EB239EFAEB84}"
	ProjectSection(SolutionItems) = preProject
		Deployment\README.docx = Deployment\README.docx
		Deployment\Solutions-Dev.xml = Deployment\Solutions-Dev.xml
		Deployment\Solutions-LocalDev-Debug.xml = Deployment\Solutions-LocalDev-Debug.xml
		Deployment\Solutions-Prod.xml = Deployment\Solutions-Prod.xml
		Deployment\Solutions-Stage.xml = Deployment\Solutions-Stage.xml
	EndProjectSection
EndProject
Project("{2150E333-8FDC-42A3-9474-1A3956D46DE8}") = "Libs", "Libs", "{47FDFAD3-D414-49D6-900A-8F7C0912C655}"
	ProjectSection(SolutionItems) = preProject
		Lib\Barista.Interop.ActiveDs.dll = Lib\Barista.Interop.ActiveDs.dll
		Lib\ICSharpCode.SharpZipLib.dll = Lib\ICSharpCode.SharpZipLib.dll
		Lib\Lucene.Net.dll = Lib\Lucene.Net.dll
		Lib\Lucene.Net.pdb = Lib\Lucene.Net.pdb
		Lib\Lucene.Net.XML = Lib\Lucene.Net.XML
		Lib\Microsoft.TeamFoundation.Client.dll = Lib\Microsoft.TeamFoundation.Client.dll
		Lib\Microsoft.TeamFoundation.Common.dll = Lib\Microsoft.TeamFoundation.Common.dll
		Lib\Microsoft.TeamFoundation.Common.xml = Lib\Microsoft.TeamFoundation.Common.xml
		Lib\Microsoft.TeamFoundation.VersionControl.Client.dll = Lib\Microsoft.TeamFoundation.VersionControl.Client.dll
		Lib\Microsoft.TeamFoundation.VersionControl.Client.xml = Lib\Microsoft.TeamFoundation.VersionControl.Client.xml
		Lib\Microsoft.TeamFoundation.WorkItemTracking.Client.DataStoreLoader.dll = Lib\Microsoft.TeamFoundation.WorkItemTracking.Client.DataStoreLoader.dll
		Lib\Microsoft.TeamFoundation.WorkItemTracking.Client.dll = Lib\Microsoft.TeamFoundation.WorkItemTracking.Client.dll
		Lib\Microsoft.TeamFoundation.WorkItemTracking.Client.xml = Lib\Microsoft.TeamFoundation.WorkItemTracking.Client.xml
		Lib\wnvhtmlconvert.dll = Lib\wnvhtmlconvert.dll
		Lib\wnvhtmlconvert.xml = Lib\wnvhtmlconvert.xml
	EndProjectSection
EndProject
Project("{FAE04EC0-301F-11D3-BF4B-00C04F79EFBC}") = "Barista.SharePoint.WebParts", "Barista.SharePoint.WebParts\Barista.SharePoint.WebParts.csproj", "{BEDCAD5A-3A7B-4CA7-B97B-CEA3212F3149}"
EndProject
Project("{2150E333-8FDC-42A3-9474-1A3956D46DE8}") = "Lucene Contrib", "Lucene Contrib", "{81791AE6-02EB-46E1-A8DF-D197A2500D07}"
	ProjectSection(SolutionItems) = preProject
		Lib\Lucene Contrib\Lucene.Net.Contrib.Analyzers.dll = Lib\Lucene Contrib\Lucene.Net.Contrib.Analyzers.dll
		Lib\Lucene Contrib\Lucene.Net.Contrib.Analyzers.pdb = Lib\Lucene Contrib\Lucene.Net.Contrib.Analyzers.pdb
		Lib\Lucene Contrib\Lucene.Net.Contrib.Core.dll = Lib\Lucene Contrib\Lucene.Net.Contrib.Core.dll
		Lib\Lucene Contrib\Lucene.Net.Contrib.Core.pdb = Lib\Lucene Contrib\Lucene.Net.Contrib.Core.pdb
		Lib\Lucene Contrib\Lucene.Net.Contrib.FastVectorHighlighter.dll = Lib\Lucene Contrib\Lucene.Net.Contrib.FastVectorHighlighter.dll
		Lib\Lucene Contrib\Lucene.Net.Contrib.FastVectorHighlighter.pdb = Lib\Lucene Contrib\Lucene.Net.Contrib.FastVectorHighlighter.pdb
		Lib\Lucene Contrib\Lucene.Net.Contrib.Highlighter.dll = Lib\Lucene Contrib\Lucene.Net.Contrib.Highlighter.dll
		Lib\Lucene Contrib\Lucene.Net.Contrib.Highlighter.pdb = Lib\Lucene Contrib\Lucene.Net.Contrib.Highlighter.pdb
		Lib\Lucene Contrib\Lucene.Net.Contrib.Memory.dll = Lib\Lucene Contrib\Lucene.Net.Contrib.Memory.dll
		Lib\Lucene Contrib\Lucene.Net.Contrib.Memory.pdb = Lib\Lucene Contrib\Lucene.Net.Contrib.Memory.pdb
		Lib\Lucene Contrib\Lucene.Net.Contrib.Queries.dll = Lib\Lucene Contrib\Lucene.Net.Contrib.Queries.dll
		Lib\Lucene Contrib\Lucene.Net.Contrib.Queries.pdb = Lib\Lucene Contrib\Lucene.Net.Contrib.Queries.pdb
		Lib\Lucene Contrib\Lucene.Net.Contrib.Regex.dll = Lib\Lucene Contrib\Lucene.Net.Contrib.Regex.dll
		Lib\Lucene Contrib\Lucene.Net.Contrib.Regex.pdb = Lib\Lucene Contrib\Lucene.Net.Contrib.Regex.pdb
		Lib\Lucene Contrib\Lucene.Net.Contrib.SimpleFacetedSearch.dll = Lib\Lucene Contrib\Lucene.Net.Contrib.SimpleFacetedSearch.dll
		Lib\Lucene Contrib\Lucene.Net.Contrib.SimpleFacetedSearch.pdb = Lib\Lucene Contrib\Lucene.Net.Contrib.SimpleFacetedSearch.pdb
		Lib\Lucene Contrib\Lucene.Net.Contrib.Snowball.dll = Lib\Lucene Contrib\Lucene.Net.Contrib.Snowball.dll
		Lib\Lucene Contrib\Lucene.Net.Contrib.Snowball.pdb = Lib\Lucene Contrib\Lucene.Net.Contrib.Snowball.pdb
		Lib\Lucene Contrib\Lucene.Net.Contrib.Spatial.dll = Lib\Lucene Contrib\Lucene.Net.Contrib.Spatial.dll
		Lib\Lucene Contrib\Lucene.Net.Contrib.Spatial.NTS.dll = Lib\Lucene Contrib\Lucene.Net.Contrib.Spatial.NTS.dll
		Lib\Lucene Contrib\Lucene.Net.Contrib.Spatial.NTS.pdb = Lib\Lucene Contrib\Lucene.Net.Contrib.Spatial.NTS.pdb
		Lib\Lucene Contrib\Lucene.Net.Contrib.Spatial.pdb = Lib\Lucene Contrib\Lucene.Net.Contrib.Spatial.pdb
		Lib\Lucene Contrib\Lucene.Net.Contrib.SpellChecker.dll = Lib\Lucene Contrib\Lucene.Net.Contrib.SpellChecker.dll
		Lib\Lucene Contrib\Lucene.Net.Contrib.SpellChecker.pdb = Lib\Lucene Contrib\Lucene.Net.Contrib.SpellChecker.pdb
	EndProjectSection
EndProject
Project("{2150E333-8FDC-42A3-9474-1A3956D46DE8}") = "Tools", "Tools", "{0384B6AA-AF6D-45DC-A583-C87DF988372A}"
	ProjectSection(SolutionItems) = preProject
		Tools\Costura.targets = Tools\Costura.targets
	EndProjectSection
EndProject
Project("{2150E333-8FDC-42A3-9474-1A3956D46DE8}") = "Fody", "Fody", "{C74F12B1-76DF-4797-91D2-7441959949C7}"
	ProjectSection(SolutionItems) = preProject
		Tools\Fody\Fody.dll = Tools\Fody\Fody.dll
		Tools\Fody\Fody.pdb = Tools\Fody\Fody.pdb
		Tools\Fody\Fody.targets = Tools\Fody\Fody.targets
		Tools\Fody\FodyCommon.dll = Tools\Fody\FodyCommon.dll
		Tools\Fody\FodyCommon.pdb = Tools\Fody\FodyCommon.pdb
		Tools\Fody\FodyIsolated.dll = Tools\Fody\FodyIsolated.dll
		Tools\Fody\FodyIsolated.pdb = Tools\Fody\FodyIsolated.pdb
		Tools\Fody\Mono.Cecil.dll = Tools\Fody\Mono.Cecil.dll
		Tools\Fody\Mono.Cecil.Mdb.dll = Tools\Fody\Mono.Cecil.Mdb.dll
		Tools\Fody\Mono.Cecil.Pdb.dll = Tools\Fody\Mono.Cecil.Pdb.dll
		Tools\Fody\Mono.Cecil.Rocks.dll = Tools\Fody\Mono.Cecil.Rocks.dll
	EndProjectSection
EndProject
Project("{2150E333-8FDC-42A3-9474-1A3956D46DE8}") = "Unit Tests", "Unit Tests", "{F44F6017-BEDA-4A21-9A79-59BC8F15FEC0}"
EndProject
Project("{FAE04EC0-301F-11D3-BF4B-00C04F79EFBC}") = "Barista.UnitTests.Jurassic", "Barista.UnitTests.Jurassic\Barista.UnitTests.Jurassic.csproj", "{DA5FEB5C-9035-46A4-BDE1-6948F8DF1F60}"
EndProject
Project("{FAE04EC0-301F-11D3-BF4B-00C04F79EFBC}") = "Barista.WebKit", "Barista.WebKit\Barista.WebKit.csproj", "{DAA5C1C0-DE70-4578-B6DC-C37E2A93298B}"
EndProject
Project("{FAE04EC0-301F-11D3-BF4B-00C04F79EFBC}") = "Barista.SharePoint.Core", "Barista.SharePoint.Core\Barista.SharePoint.Core.csproj", "{17B92DC5-9402-44DF-B03C-4687E99FEF61}"
EndProject
Project("{2150E333-8FDC-42A3-9474-1A3956D46DE8}") = "Server", "Server", "{BC15B32B-BEA4-495E-B9BE-F085F7BA081C}"
EndProject
Project("{FAE04EC0-301F-11D3-BF4B-00C04F79EFBC}") = "Barista.Server", "Server\Barista.Server\Barista.Server.csproj", "{21C96F8A-5665-4EEC-8691-ADC1B08EB269}"
EndProject
Project("{2150E333-8FDC-42A3-9474-1A3956D46DE8}") = "Web", "Web", "{7DB948B6-8410-4DB1-8C29-0310F6D2047F}"
EndProject
Project("{FAE04EC0-301F-11D3-BF4B-00C04F79EFBC}") = "Barista.SharePoint.WebSocketsService", "Barista.SharePoint.WebSocketsService\Barista.SharePoint.WebSocketsService.csproj", "{C1F76C47-B2D0-42AB-86E8-5D03A5FB38DC}"
EndProject
Project("{FAE04EC0-301F-11D3-BF4B-00C04F79EFBC}") = "Barista.SharePoint.SearchService", "Barista.SharePoint.SearchService\Barista.SharePoint.SearchService.csproj", "{B4165BA6-6A20-45F8-96DC-61F5DE7B6CD7}"
EndProject
Project("{2150E333-8FDC-42A3-9474-1A3956D46DE8}") = "SharePoint", "SharePoint", "{C2439767-5A7B-4D56-93B6-A5FBA91FECB0}"
EndProject
Global
	GlobalSection(TeamFoundationVersionControl) = preSolution
		SccNumberOfProjects = 10
		SccEnterpriseProvider = {4CA58AB2-18FA-4F8D-95D4-32DDF27D184C}
		SccTeamFoundationServer = https://sixconcepts.visualstudio.com/defaultcollection
		SccLocalPath0 = .
		SccProjectUniqueName1 = Barista.Core\\Barista.Core.csproj
		SccProjectName1 = Barista.Core
		SccLocalPath1 = Barista.Core
		SccProjectUniqueName2 = Barista.SharePoint.WebParts\\Barista.SharePoint.WebParts.csproj
		SccProjectTopLevelParentUniqueName2 = Barista.sln
		SccProjectName2 = Barista.SharePoint.WebParts
		SccLocalPath2 = Barista.SharePoint.WebParts
		SccProjectUniqueName3 = Barista.SharePoint\\Barista.SharePoint.csproj
		SccProjectTopLevelParentUniqueName3 = Barista.sln
		SccProjectName3 = Barista.SharePoint
		SccLocalPath3 = Barista.SharePoint
		SccProjectUniqueName4 = Barista.UnitTests.Jurassic\\Barista.UnitTests.Jurassic.csproj
		SccProjectTopLevelParentUniqueName4 = Barista.sln
		SccProjectName4 = Barista.UnitTests.Jurassic
		SccLocalPath4 = Barista.UnitTests.Jurassic
		SccProjectUniqueName5 = Barista.WebKit\\Barista.WebKit.csproj
		SccProjectName5 = Barista.WebKit
		SccLocalPath5 = Barista.WebKit
		SccProjectUniqueName6 = Barista.SharePoint.Core\\Barista.SharePoint.Core.csproj
		SccProjectTopLevelParentUniqueName6 = Barista.sln
		SccProjectName6 = Barista.SharePoint.Core
		SccLocalPath6 = Barista.SharePoint.Core
		SccProjectUniqueName7 = Server\\Barista.Server\\Barista.Server.csproj
		SccProjectTopLevelParentUniqueName7 = Barista.sln
		SccProjectName7 = Server/Barista.Server
		SccLocalPath7 = Server\\Barista.Server
		SccProjectUniqueName8 = Barista.SharePoint.WebSocketsService\\Barista.SharePoint.WebSocketsService.csproj
		SccProjectTopLevelParentUniqueName8 = Barista.sln
		SccProjectName8 = Barista.SharePoint.WebSocketsService
		SccLocalPath8 = Barista.SharePoint.WebSocketsService
		SccProjectUniqueName9 = Barista.SharePoint.SearchService\\Barista.SharePoint.SearchService.csproj
		SccProjectTopLevelParentUniqueName9 = Barista.sln
		SccProjectName9 = Barista.SharePoint.SearchService
		SccLocalPath9 = Barista.SharePoint.SearchService
	EndGlobalSection
	GlobalSection(SolutionConfigurationPlatforms) = preSolution
		Debug|Any CPU = Debug|Any CPU
		Release|Any CPU = Release|Any CPU
	EndGlobalSection
	GlobalSection(ProjectConfigurationPlatforms) = postSolution
		{0CBC23EF-F5A0-4DDC-8C83-3B7FBB47E598}.Debug|Any CPU.ActiveCfg = Debug|Any CPU
		{0CBC23EF-F5A0-4DDC-8C83-3B7FBB47E598}.Debug|Any CPU.Build.0 = Debug|Any CPU
		{0CBC23EF-F5A0-4DDC-8C83-3B7FBB47E598}.Release|Any CPU.ActiveCfg = Release|Any CPU
		{0CBC23EF-F5A0-4DDC-8C83-3B7FBB47E598}.Release|Any CPU.Build.0 = Release|Any CPU
		{77BC7214-5D7D-472C-88C5-7D022D93C231}.Debug|Any CPU.ActiveCfg = Debug|Any CPU
		{77BC7214-5D7D-472C-88C5-7D022D93C231}.Debug|Any CPU.Build.0 = Debug|Any CPU
		{77BC7214-5D7D-472C-88C5-7D022D93C231}.Debug|Any CPU.Deploy.0 = Debug|Any CPU
		{77BC7214-5D7D-472C-88C5-7D022D93C231}.Release|Any CPU.ActiveCfg = Release|Any CPU
		{77BC7214-5D7D-472C-88C5-7D022D93C231}.Release|Any CPU.Build.0 = Release|Any CPU
		{77BC7214-5D7D-472C-88C5-7D022D93C231}.Release|Any CPU.Deploy.0 = Release|Any CPU
		{BEDCAD5A-3A7B-4CA7-B97B-CEA3212F3149}.Debug|Any CPU.ActiveCfg = Debug|Any CPU
		{BEDCAD5A-3A7B-4CA7-B97B-CEA3212F3149}.Debug|Any CPU.Build.0 = Debug|Any CPU
		{BEDCAD5A-3A7B-4CA7-B97B-CEA3212F3149}.Debug|Any CPU.Deploy.0 = Debug|Any CPU
		{BEDCAD5A-3A7B-4CA7-B97B-CEA3212F3149}.Release|Any CPU.ActiveCfg = Release|Any CPU
		{BEDCAD5A-3A7B-4CA7-B97B-CEA3212F3149}.Release|Any CPU.Build.0 = Release|Any CPU
		{BEDCAD5A-3A7B-4CA7-B97B-CEA3212F3149}.Release|Any CPU.Deploy.0 = Release|Any CPU
		{DA5FEB5C-9035-46A4-BDE1-6948F8DF1F60}.Debug|Any CPU.ActiveCfg = Debug|Any CPU
		{DA5FEB5C-9035-46A4-BDE1-6948F8DF1F60}.Debug|Any CPU.Build.0 = Debug|Any CPU
		{DA5FEB5C-9035-46A4-BDE1-6948F8DF1F60}.Release|Any CPU.ActiveCfg = Release|Any CPU
		{DA5FEB5C-9035-46A4-BDE1-6948F8DF1F60}.Release|Any CPU.Build.0 = Release|Any CPU
		{DAA5C1C0-DE70-4578-B6DC-C37E2A93298B}.Debug|Any CPU.ActiveCfg = Debug|Any CPU
		{DAA5C1C0-DE70-4578-B6DC-C37E2A93298B}.Debug|Any CPU.Build.0 = Debug|Any CPU
		{DAA5C1C0-DE70-4578-B6DC-C37E2A93298B}.Release|Any CPU.ActiveCfg = Release|Any CPU
		{DAA5C1C0-DE70-4578-B6DC-C37E2A93298B}.Release|Any CPU.Build.0 = Release|Any CPU
		{17B92DC5-9402-44DF-B03C-4687E99FEF61}.Debug|Any CPU.ActiveCfg = Debug|Any CPU
		{17B92DC5-9402-44DF-B03C-4687E99FEF61}.Debug|Any CPU.Build.0 = Debug|Any CPU
		{17B92DC5-9402-44DF-B03C-4687E99FEF61}.Release|Any CPU.ActiveCfg = Release|Any CPU
		{17B92DC5-9402-44DF-B03C-4687E99FEF61}.Release|Any CPU.Build.0 = Release|Any CPU
		{21C96F8A-5665-4EEC-8691-ADC1B08EB269}.Debug|Any CPU.ActiveCfg = Debug|Any CPU
		{21C96F8A-5665-4EEC-8691-ADC1B08EB269}.Debug|Any CPU.Build.0 = Debug|Any CPU
		{21C96F8A-5665-4EEC-8691-ADC1B08EB269}.Release|Any CPU.ActiveCfg = Release|Any CPU
		{21C96F8A-5665-4EEC-8691-ADC1B08EB269}.Release|Any CPU.Build.0 = Release|Any CPU
		{C1F76C47-B2D0-42AB-86E8-5D03A5FB38DC}.Debug|Any CPU.ActiveCfg = Debug|Any CPU
		{C1F76C47-B2D0-42AB-86E8-5D03A5FB38DC}.Debug|Any CPU.Build.0 = Debug|Any CPU
		{C1F76C47-B2D0-42AB-86E8-5D03A5FB38DC}.Release|Any CPU.ActiveCfg = Release|Any CPU
		{C1F76C47-B2D0-42AB-86E8-5D03A5FB38DC}.Release|Any CPU.Build.0 = Release|Any CPU
		{B4165BA6-6A20-45F8-96DC-61F5DE7B6CD7}.Debug|Any CPU.ActiveCfg = Debug|Any CPU
		{B4165BA6-6A20-45F8-96DC-61F5DE7B6CD7}.Debug|Any CPU.Build.0 = Debug|Any CPU
		{B4165BA6-6A20-45F8-96DC-61F5DE7B6CD7}.Release|Any CPU.ActiveCfg = Release|Any CPU
		{B4165BA6-6A20-45F8-96DC-61F5DE7B6CD7}.Release|Any CPU.Build.0 = Release|Any CPU
	EndGlobalSection
	GlobalSection(SolutionProperties) = preSolution
		HideSolutionNode = FALSE
	EndGlobalSection
	GlobalSection(NestedProjects) = preSolution
		{BEDCAD5A-3A7B-4CA7-B97B-CEA3212F3149} = {C2439767-5A7B-4D56-93B6-A5FBA91FECB0}
		{17B92DC5-9402-44DF-B03C-4687E99FEF61} = {C2439767-5A7B-4D56-93B6-A5FBA91FECB0}
		{C1F76C47-B2D0-42AB-86E8-5D03A5FB38DC} = {C2439767-5A7B-4D56-93B6-A5FBA91FECB0}
		{B4165BA6-6A20-45F8-96DC-61F5DE7B6CD7} = {C2439767-5A7B-4D56-93B6-A5FBA91FECB0}
		{77BC7214-5D7D-472C-88C5-7D022D93C231} = {C2439767-5A7B-4D56-93B6-A5FBA91FECB0}
		{D0D109F0-F49F-43A4-AAE2-EB239EFAEB84} = {A745E621-0AC3-4826-896F-DD46BEE2CA0B}
		{47FDFAD3-D414-49D6-900A-8F7C0912C655} = {A745E621-0AC3-4826-896F-DD46BEE2CA0B}
		{81791AE6-02EB-46E1-A8DF-D197A2500D07} = {47FDFAD3-D414-49D6-900A-8F7C0912C655}
		{C74F12B1-76DF-4797-91D2-7441959949C7} = {0384B6AA-AF6D-45DC-A583-C87DF988372A}
		{DA5FEB5C-9035-46A4-BDE1-6948F8DF1F60} = {F44F6017-BEDA-4A21-9A79-59BC8F15FEC0}
		{21C96F8A-5665-4EEC-8691-ADC1B08EB269} = {BC15B32B-BEA4-495E-B9BE-F085F7BA081C}
	EndGlobalSection
EndGlobal
